Microsoft Visual Studio Solution File, Format Version 12.00
# Visual Studio Version 17
VisualStudioVersion = 17.5.2.0
MinimumVisualStudioVersion = 10.0.40219.1
Project("{2150E333-8FDC-42A3-9474-1A3956D46DE8}") = "Library", "Library", "{50A17DA1-3556-4046-CEDC-33EB466D9C32}"
EndProject
Project("{FAE04EC0-301F-11D3-BF4B-00C04F79EFBC}") = "Library.Domain", "Library\Library.Domain\Library.Domain.csproj", "{39E55976-5424-CEC7-0978-4D789AC54AC6}"
EndProject
Project("{FAE04EC0-301F-11D3-BF4B-00C04F79EFBC}") = "Library.Tests", "Library\Library.Tests\Library.Tests.csproj", "{60F294C7-3D77-63D8-5514-C4AB9BB913BD}"
EndProject
Global
	GlobalSection(SolutionConfigurationPlatforms) = preSolution
		Debug|Any CPU = Debug|Any CPU
		Release|Any CPU = Release|Any CPU
	EndGlobalSection
	GlobalSection(ProjectConfigurationPlatforms) = postSolution
		{39E55976-5424-CEC7-0978-4D789AC54AC6}.Debug|Any CPU.ActiveCfg = Debug|Any CPU
		{39E55976-5424-CEC7-0978-4D789AC54AC6}.Debug|Any CPU.Build.0 = Debug|Any CPU
		{39E55976-5424-CEC7-0978-4D789AC54AC6}.Release|Any CPU.ActiveCfg = Release|Any CPU
		{39E55976-5424-CEC7-0978-4D789AC54AC6}.Release|Any CPU.Build.0 = Release|Any CPU
		{60F294C7-3D77-63D8-5514-C4AB9BB913BD}.Debug|Any CPU.ActiveCfg = Debug|Any CPU
		{60F294C7-3D77-63D8-5514-C4AB9BB913BD}.Debug|Any CPU.Build.0 = Debug|Any CPU
		{60F294C7-3D77-63D8-5514-C4AB9BB913BD}.Release|Any CPU.ActiveCfg = Release|Any CPU
		{60F294C7-3D77-63D8-5514-C4AB9BB913BD}.Release|Any CPU.Build.0 = Release|Any CPU
	EndGlobalSection
	GlobalSection(SolutionProperties) = preSolution
		HideSolutionNode = FALSE
	EndGlobalSection
	GlobalSection(NestedProjects) = preSolution
		{39E55976-5424-CEC7-0978-4D789AC54AC6} = {50A17DA1-3556-4046-CEDC-33EB466D9C32}
		{60F294C7-3D77-63D8-5514-C4AB9BB913BD} = {50A17DA1-3556-4046-CEDC-33EB466D9C32}
	EndGlobalSection
	GlobalSection(ExtensibilityGlobals) = postSolution
		SolutionGuid = {B2802E6A-D42A-4C1D-8949-77992D768DF6}
	EndGlobalSection
EndGlobal
